
Microsoft Visual Studio Solution File, Format Version 12.00
# Visual Studio Version 17
VisualStudioVersion = 17.14.36414.22
MinimumVisualStudioVersion = 10.0.40219.1
Project("{FAE04EC0-301F-11D3-BF4B-00C04F79EFBC}") = "Examify", "Examify\Examify.csproj", "{F24A9F5F-C271-430F-B0B3-96E681E361B2}"
EndProject
Project("{FAE04EC0-301F-11D3-BF4B-00C04F79EFBC}") = "Model", "Model\Model.csproj", "{BD38E9EB-5EC4-429E-B25F-BDD216E04C65}"
EndProject
Project("{FAE04EC0-301F-11D3-BF4B-00C04F79EFBC}") = "ExamifyApi", "ExamifyAPI\ExamifyApi.csproj", "{B5A31620-FFFC-41B4-A3EF-9FF5E34FFBBC}"
EndProject
Project("{FAE04EC0-301F-11D3-BF4B-00C04F79EFBC}") = "DAL", "DAL\DAL.csproj", "{31386B27-08B6-481C-9F68-FF8DA5D091D8}"
EndProject
Global
	GlobalSection(SolutionConfigurationPlatforms) = preSolution
		Debug|Any CPU = Debug|Any CPU
		Release|Any CPU = Release|Any CPU
	EndGlobalSection
	GlobalSection(ProjectConfigurationPlatforms) = postSolution
		{F24A9F5F-C271-430F-B0B3-96E681E361B2}.Debug|Any CPU.ActiveCfg = Debug|Any CPU
		{F24A9F5F-C271-430F-B0B3-96E681E361B2}.Debug|Any CPU.Build.0 = Debug|Any CPU
		{F24A9F5F-C271-430F-B0B3-96E681E361B2}.Release|Any CPU.ActiveCfg = Release|Any CPU
		{F24A9F5F-C271-430F-B0B3-96E681E361B2}.Release|Any CPU.Build.0 = Release|Any CPU
		{BD38E9EB-5EC4-429E-B25F-BDD216E04C65}.Debug|Any CPU.ActiveCfg = Debug|Any CPU
		{BD38E9EB-5EC4-429E-B25F-BDD216E04C65}.Debug|Any CPU.Build.0 = Debug|Any CPU
		{BD38E9EB-5EC4-429E-B25F-BDD216E04C65}.Release|Any CPU.ActiveCfg = Release|Any CPU
		{BD38E9EB-5EC4-429E-B25F-BDD216E04C65}.Release|Any CPU.Build.0 = Release|Any CPU
		{B5A31620-FFFC-41B4-A3EF-9FF5E34FFBBC}.Debug|Any CPU.ActiveCfg = Debug|Any CPU
		{B5A31620-FFFC-41B4-A3EF-9FF5E34FFBBC}.Debug|Any CPU.Build.0 = Debug|Any CPU
		{B5A31620-FFFC-41B4-A3EF-9FF5E34FFBBC}.Release|Any CPU.ActiveCfg = Release|Any CPU
		{B5A31620-FFFC-41B4-A3EF-9FF5E34FFBBC}.Release|Any CPU.Build.0 = Release|Any CPU
		{31386B27-08B6-481C-9F68-FF8DA5D091D8}.Debug|Any CPU.ActiveCfg = Debug|Any CPU
		{31386B27-08B6-481C-9F68-FF8DA5D091D8}.Debug|Any CPU.Build.0 = Debug|Any CPU
		{31386B27-08B6-481C-9F68-FF8DA5D091D8}.Release|Any CPU.ActiveCfg = Release|Any CPU
		{31386B27-08B6-481C-9F68-FF8DA5D091D8}.Release|Any CPU.Build.0 = Release|Any CPU
	EndGlobalSection
	GlobalSection(SolutionProperties) = preSolution
		HideSolutionNode = FALSE
	EndGlobalSection
	GlobalSection(ExtensibilityGlobals) = postSolution
		SolutionGuid = {65052C4E-BCFA-4E3A-8B12-FA1A14DCEC25}
	EndGlobalSection
EndGlobal
